{
  "nodes": {
    "disko": {
      "inputs": {
        "nixpkgs": [
          "nixpkgs"
        ]
      },
      "locked": {
        "lastModified": 1704318910,
        "narHash": "sha256-wOIJwAsnZhM0NlFRwYJRgO4Lldh8j9viyzwQXtrbNtM=",
        "owner": "nix-community",
        "repo": "disko",
        "rev": "aef9a509db64a081186af2dc185654d78dc8e344",
        "type": "github"
      },
      "original": {
        "owner": "nix-community",
        "ref": "v1.3.0",
        "repo": "disko",
        "type": "github"
      }
    },
    "disko_2": {
      "inputs": {
        "nixpkgs": [
          "nixos-anywhere",
          "nixpkgs"
        ]
      },
      "locked": {
        "lastModified": 1694710969,
        "narHash": "sha256-5nMY+3JF/ktW8D8URataP6MCbbnID13P4CixARNoq6w=",
        "owner": "nix-community",
        "repo": "disko",
        "rev": "91af5b4a53ee8e57f4178ef58036dce49fbda91a",
        "type": "github"
      },
      "original": {
        "owner": "nix-community",
        "ref": "master",
        "repo": "disko",
        "type": "github"
      }
    },
    "flake-parts": {
      "inputs": {
        "nixpkgs-lib": [
          "nixos-anywhere",
          "nixpkgs"
        ]
      },
      "locked": {
        "lastModified": 1693611461,
        "narHash": "sha256-aPODl8vAgGQ0ZYFIRisxYG5MOGSkIczvu2Cd8Gb9+1Y=",
        "owner": "hercules-ci",
        "repo": "flake-parts",
        "rev": "7f53fdb7bdc5bb237da7fefef12d099e4fd611ca",
        "type": "github"
      },
      "original": {
        "owner": "hercules-ci",
        "repo": "flake-parts",
        "type": "github"
      }
    },
    "nixos-2305": {
      "locked": {
        "lastModified": 1694724971,
        "narHash": "sha256-NazxO2WuzV1pVnVoFpo7vJbgTTDhywhDxEDwFw6tyWY=",
        "owner": "NixOS",
        "repo": "nixpkgs",
        "rev": "16a63df66bfefec64daab3da10d414055d782d66",
        "type": "github"
      },
      "original": {
        "owner": "NixOS",
        "ref": "release-23.05",
        "repo": "nixpkgs",
        "type": "github"
      }
    },
    "nixos-anywhere": {
      "inputs": {
        "disko": "disko_2",
        "flake-parts": "flake-parts",
        "nixos-2305": "nixos-2305",
        "nixos-images": "nixos-images",
        "nixpkgs": [
          "nixpkgs"
        ],
        "treefmt-nix": "treefmt-nix"
      },
      "locked": {
        "lastModified": 1699255222,
        "narHash": "sha256-43r1pwWv9SuMEG+Pe5laFsqE1/X0rFQ6s/wpEufPliE=",
        "owner": "nix-community",
        "repo": "nixos-anywhere",
        "rev": "2766ab35a5cc33f376131da5d2ad26f19263cc1e",
        "type": "github"
      },
      "original": {
        "owner": "nix-community",
        "ref": "1.1.0",
        "repo": "nixos-anywhere",
        "type": "github"
      }
    },
    "nixos-images": {
      "inputs": {
        "nixos-2305": [
          "nixos-anywhere",
          "nixos-2305"
        ],
        "nixos-unstable": [
          "nixos-anywhere",
          "nixpkgs"
        ]
      },
      "locked": {
        "lastModified": 1694429687,
        "narHash": "sha256-fopTSMmOjk7/ro8+P2wZxAC8OPUKtuwHLNp2xSPXVjc=",
        "owner": "nix-community",
        "repo": "nixos-images",
        "rev": "c4c73bce65306a1e747684dd0d4bcf0ab2779585",
        "type": "github"
      },
      "original": {
        "owner": "nix-community",
        "repo": "nixos-images",
        "type": "github"
      }
    },
    "nixpkgs": {
      "locked": {
        "lastModified": 1725432240,
        "narHash": "sha256-+yj+xgsfZaErbfYM3T+QvEE2hU7UuE+Jf0fJCJ8uPS0=",
        "owner": "NixOS",
        "repo": "nixpkgs",
        "rev": "ad416d066ca1222956472ab7d0555a6946746a80",
        "type": "github"
      },
      "original": {
        "owner": "NixOS",
        "ref": "nixos-unstable",
        "repo": "nixpkgs",
        "type": "github"
      }
    },
    "root": {
      "inputs": {
        "disko": "disko",
        "nixos-anywhere": "nixos-anywhere",
        "nixpkgs": "nixpkgs"
      }
    },
    "treefmt-nix": {
      "inputs": {
        "nixpkgs": [
          "nixos-anywhere",
          "nixpkgs"
        ]
      },
      "locked": {
        "lastModified": 1694528738,
        "narHash": "sha256-aWMEjib5oTqEzF9f3WXffC1cwICo6v/4dYKjwNktV8k=",
        "owner": "numtide",
        "repo": "treefmt-nix",
        "rev": "7a49c388d7a6b63bb551b1ddedfa4efab8f400d8",
        "type": "github"
      },
      "original": {
        "owner": "numtide",
        "repo": "treefmt-nix",
        "type": "github"
      }
    }
  },
  "root": "root",
  "version": 7
}
